
Microsoft Visual Studio Solution File, Format Version 12.00
Project("{FAE04EC0-301F-11D3-BF4B-00C04F79EFBC}") = "RoyalLibrary", "RoyalLibrary\RoyalLibrary.csproj", "{50C79097-E0C6-4E2C-87B8-049EE760840B}"
EndProject
Project("{2150E333-8FDC-42A3-9474-1A3956D46DE8}") = "Solution Items", "Solution Items", "{553B2C76-754E-4EBC-957F-0C255A38452A}"
	ProjectSection(SolutionItems) = preProject
		docker-compose.yml = docker-compose.yml
	EndProjectSection
EndProject
Project("{FAE04EC0-301F-11D3-BF4B-00C04F79EFBC}") = "RoyalLibrary.Tests", "RoyalLibrary.Tests\RoyalLibrary.Tests.csproj", "{6E050E7F-B09C-4AA2-B39B-80B1202C9D5A}"
EndProject
Global
	GlobalSection(SolutionConfigurationPlatforms) = preSolution
		Debug|Any CPU = Debug|Any CPU
		Release|Any CPU = Release|Any CPU
	EndGlobalSection
	GlobalSection(ProjectConfigurationPlatforms) = postSolution
		{50C79097-E0C6-4E2C-87B8-049EE760840B}.Debug|Any CPU.ActiveCfg = Debug|Any CPU
		{50C79097-E0C6-4E2C-87B8-049EE760840B}.Debug|Any CPU.Build.0 = Debug|Any CPU
		{50C79097-E0C6-4E2C-87B8-049EE760840B}.Release|Any CPU.ActiveCfg = Release|Any CPU
		{50C79097-E0C6-4E2C-87B8-049EE760840B}.Release|Any CPU.Build.0 = Release|Any CPU
		{6E050E7F-B09C-4AA2-B39B-80B1202C9D5A}.Debug|Any CPU.ActiveCfg = Debug|Any CPU
		{6E050E7F-B09C-4AA2-B39B-80B1202C9D5A}.Debug|Any CPU.Build.0 = Debug|Any CPU
		{6E050E7F-B09C-4AA2-B39B-80B1202C9D5A}.Release|Any CPU.ActiveCfg = Release|Any CPU
		{6E050E7F-B09C-4AA2-B39B-80B1202C9D5A}.Release|Any CPU.Build.0 = Release|Any CPU
	EndGlobalSection
EndGlobal
